// !$*UTF8*$!
{
	archiveVersion = 1;
	classes = {
	};
	objectVersion = 77;
	objects = {

/* Begin PBXBuildFile section */
		AFE6D0972CD2F64300DB0A0E /* ARViewContainer.swift in Sources */ = {isa = PBXBuildFile; fileRef = AFE6D0962CD2F64100DB0A0E /* ARViewContainer.swift */; };
/* End PBXBuildFile section */

/* Begin PBXContainerItemProxy section */
		E8C42FF42CB8552400DC8515 /* PBXContainerItemProxy */ = {
			isa = PBXContainerItemProxy;
			containerPortal = E8C42FDB2CB8552200DC8515 /* Project object */;
			proxyType = 1;
			remoteGlobalIDString = E8C42FE22CB8552200DC8515;
			remoteInfo = EcoLab;
		};
		E8C42FFE2CB8552400DC8515 /* PBXContainerItemProxy */ = {
			isa = PBXContainerItemProxy;
			containerPortal = E8C42FDB2CB8552200DC8515 /* Project object */;
			proxyType = 1;
			remoteGlobalIDString = E8C42FE22CB8552200DC8515;
			remoteInfo = EcoLab;
		};
/* End PBXContainerItemProxy section */

/* Begin PBXFileReference section */
		AFE6D0962CD2F64100DB0A0E /* ARViewContainer.swift */ = {isa = PBXFileReference; lastKnownFileType = sourcecode.swift; path = ARViewContainer.swift; sourceTree = "<group>"; };
		E8C42FE32CB8552200DC8515 /* EcoLab.app */ = {isa = PBXFileReference; explicitFileType = wrapper.application; includeInIndex = 0; path = EcoLab.app; sourceTree = BUILT_PRODUCTS_DIR; };
		E8C42FF32CB8552400DC8515 /* EcoLabTests.xctest */ = {isa = PBXFileReference; explicitFileType = wrapper.cfbundle; includeInIndex = 0; path = EcoLabTests.xctest; sourceTree = BUILT_PRODUCTS_DIR; };
		E8C42FFD2CB8552400DC8515 /* EcoLabUITests.xctest */ = {isa = PBXFileReference; explicitFileType = wrapper.cfbundle; includeInIndex = 0; path = EcoLabUITests.xctest; sourceTree = BUILT_PRODUCTS_DIR; };
/* End PBXFileReference section */

/* Begin PBXFileSystemSynchronizedBuildFileExceptionSet section */
		AF67381F2CB8951100E75B34 /* Exceptions for "EcoLab" folder in "EcoLab" target */ = {
			isa = PBXFileSystemSynchronizedBuildFileExceptionSet;
			membershipExceptions = (
				Info.plist,
			);
			target = E8C42FE22CB8552200DC8515 /* EcoLab */;
		};
/* End PBXFileSystemSynchronizedBuildFileExceptionSet section */

/* Begin PBXFileSystemSynchronizedRootGroup section */
		E8C42FE52CB8552200DC8515 /* EcoLab */ = {
			isa = PBXFileSystemSynchronizedRootGroup;
			exceptions = (
				AF67381F2CB8951100E75B34 /* Exceptions for "EcoLab" folder in "EcoLab" target */,
			);
			path = EcoLab;
			sourceTree = "<group>";
		};
		E8C42FF62CB8552400DC8515 /* EcoLabTests */ = {
			isa = PBXFileSystemSynchronizedRootGroup;
			path = EcoLabTests;
			sourceTree = "<group>";
		};
		E8C430002CB8552400DC8515 /* EcoLabUITests */ = {
			isa = PBXFileSystemSynchronizedRootGroup;
			path = EcoLabUITests;
			sourceTree = "<group>";
		};
/* End PBXFileSystemSynchronizedRootGroup section */

/* Begin PBXFrameworksBuildPhase section */
		E8C42FE02CB8552200DC8515 /* Frameworks */ = {
			isa = PBXFrameworksBuildPhase;
			buildActionMask = 2147483647;
			files = (
			);
			runOnlyForDeploymentPostprocessing = 0;
		};
		E8C42FF02CB8552400DC8515 /* Frameworks */ = {
			isa = PBXFrameworksBuildPhase;
			buildActionMask = 2147483647;
			files = (
			);
			runOnlyForDeploymentPostprocessing = 0;
		};
		E8C42FFA2CB8552400DC8515 /* Frameworks */ = {
			isa = PBXFrameworksBuildPhase;
			buildActionMask = 2147483647;
			files = (
			);
			runOnlyForDeploymentPostprocessing = 0;
		};
/* End PBXFrameworksBuildPhase section */

/* Begin PBXGroup section */
		E8C42FDA2CB8552200DC8515 = {
			isa = PBXGroup;
			children = (
				E8C42FE52CB8552200DC8515 /* EcoLab */,
				E8C42FF62CB8552400DC8515 /* EcoLabTests */,
				E8C430002CB8552400DC8515 /* EcoLabUITests */,
				E8C42FE42CB8552200DC8515 /* Products */,
				AFE6D0962CD2F64100DB0A0E /* ARViewContainer.swift */,
			);
			sourceTree = "<group>";
		};
		E8C42FE42CB8552200DC8515 /* Products */ = {
			isa = PBXGroup;
			children = (
				E8C42FE32CB8552200DC8515 /* EcoLab.app */,
				E8C42FF32CB8552400DC8515 /* EcoLabTests.xctest */,
				E8C42FFD2CB8552400DC8515 /* EcoLabUITests.xctest */,
			);
			name = Products;
			sourceTree = "<group>";
		};
/* End PBXGroup section */

/* Begin PBXNativeTarget section */
		E8C42FE22CB8552200DC8515 /* EcoLab */ = {
			isa = PBXNativeTarget;
			buildConfigurationList = E8C430072CB8552400DC8515 /* Build configuration list for PBXNativeTarget "EcoLab" */;
			buildPhases = (
				E8C42FDF2CB8552200DC8515 /* Sources */,
				E8C42FE02CB8552200DC8515 /* Frameworks */,
				E8C42FE12CB8552200DC8515 /* Resources */,
			);
			buildRules = (
			);
			dependencies = (
			);
			fileSystemSynchronizedGroups = (
				E8C42FE52CB8552200DC8515 /* EcoLab */,
			);
			name = EcoLab;
			packageProductDependencies = (
			);
			productName = EcoLab;
			productReference = E8C42FE32CB8552200DC8515 /* EcoLab.app */;
			productType = "com.apple.product-type.application";
		};
		E8C42FF22CB8552400DC8515 /* EcoLabTests */ = {
			isa = PBXNativeTarget;
			buildConfigurationList = E8C4300A2CB8552400DC8515 /* Build configuration list for PBXNativeTarget "EcoLabTests" */;
			buildPhases = (
				E8C42FEF2CB8552400DC8515 /* Sources */,
				E8C42FF02CB8552400DC8515 /* Frameworks */,
				E8C42FF12CB8552400DC8515 /* Resources */,
			);
			buildRules = (
			);
			dependencies = (
				E8C42FF52CB8552400DC8515 /* PBXTargetDependency */,
			);
			fileSystemSynchronizedGroups = (
				E8C42FF62CB8552400DC8515 /* EcoLabTests */,
			);
			name = EcoLabTests;
			packageProductDependencies = (
			);
			productName = EcoLabTests;
			productReference = E8C42FF32CB8552400DC8515 /* EcoLabTests.xctest */;
			productType = "com.apple.product-type.bundle.unit-test";
		};
		E8C42FFC2CB8552400DC8515 /* EcoLabUITests */ = {
			isa = PBXNativeTarget;
			buildConfigurationList = E8C4300D2CB8552400DC8515 /* Build configuration list for PBXNativeTarget "EcoLabUITests" */;
			buildPhases = (
				E8C42FF92CB8552400DC8515 /* Sources */,
				E8C42FFA2CB8552400DC8515 /* Frameworks */,
				E8C42FFB2CB8552400DC8515 /* Resources */,
			);
			buildRules = (
			);
			dependencies = (
				E8C42FFF2CB8552400DC8515 /* PBXTargetDependency */,
			);
			fileSystemSynchronizedGroups = (
				E8C430002CB8552400DC8515 /* EcoLabUITests */,
			);
			name = EcoLabUITests;
			packageProductDependencies = (
			);
			productName = EcoLabUITests;
			productReference = E8C42FFD2CB8552400DC8515 /* EcoLabUITests.xctest */;
			productType = "com.apple.product-type.bundle.ui-testing";
		};
/* End PBXNativeTarget section */

/* Begin PBXProject section */
		E8C42FDB2CB8552200DC8515 /* Project object */ = {
			isa = PBXProject;
			attributes = {
				BuildIndependentTargetsInParallel = 1;
				LastSwiftUpdateCheck = 1600;
				LastUpgradeCheck = 1600;
				TargetAttributes = {
					E8C42FE22CB8552200DC8515 = {
						CreatedOnToolsVersion = 16.0;
					};
					E8C42FF22CB8552400DC8515 = {
						CreatedOnToolsVersion = 16.0;
						TestTargetID = E8C42FE22CB8552200DC8515;
					};
					E8C42FFC2CB8552400DC8515 = {
						CreatedOnToolsVersion = 16.0;
						TestTargetID = E8C42FE22CB8552200DC8515;
					};
				};
			};
			buildConfigurationList = E8C42FDE2CB8552200DC8515 /* Build configuration list for PBXProject "EcoLab" */;
			developmentRegion = en;
			hasScannedForEncodings = 0;
			knownRegions = (
				en,
				Base,
			);
			mainGroup = E8C42FDA2CB8552200DC8515;
			minimizedProjectReferenceProxies = 1;
			preferredProjectObjectVersion = 77;
			productRefGroup = E8C42FE42CB8552200DC8515 /* Products */;
			projectDirPath = "";
			projectRoot = "";
			targets = (
				E8C42FE22CB8552200DC8515 /* EcoLab */,
				E8C42FF22CB8552400DC8515 /* EcoLabTests */,
				E8C42FFC2CB8552400DC8515 /* EcoLabUITests */,
			);
		};
/* End PBXProject section */

/* Begin PBXResourcesBuildPhase section */
		E8C42FE12CB8552200DC8515 /* Resources */ = {
			isa = PBXResourcesBuildPhase;
			buildActionMask = 2147483647;
			files = (
			);
			runOnlyForDeploymentPostprocessing = 0;
		};
		E8C42FF12CB8552400DC8515 /* Resources */ = {
			isa = PBXResourcesBuildPhase;
			buildActionMask = 2147483647;
			files = (
			);
			runOnlyForDeploymentPostprocessing = 0;
		};
		E8C42FFB2CB8552400DC8515 /* Resources */ = {
			isa = PBXResourcesBuildPhase;
			buildActionMask = 2147483647;
			files = (
			);
			runOnlyForDeploymentPostprocessing = 0;
		};
/* End PBXResourcesBuildPhase section */

/* Begin PBXSourcesBuildPhase section */
		E8C42FDF2CB8552200DC8515 /* Sources */ = {
			isa = PBXSourcesBuildPhase;
			buildActionMask = 2147483647;
			files = (
				AFE6D0972CD2F64300DB0A0E /* ARViewContainer.swift in Sources */,
			);
			runOnlyForDeploymentPostprocessing = 0;
		};
		E8C42FEF2CB8552400DC8515 /* Sources */ = {
			isa = PBXSourcesBuildPhase;
			buildActionMask = 2147483647;
			files = (
			);
			runOnlyForDeploymentPostprocessing = 0;
		};
		E8C42FF92CB8552400DC8515 /* Sources */ = {
			isa = PBXSourcesBuildPhase;
			buildActionMask = 2147483647;
			files = (
			);
			runOnlyForDeploymentPostprocessing = 0;
		};
/* End PBXSourcesBuildPhase section */

/* Begin PBXTargetDependency section */
		E8C42FF52CB8552400DC8515 /* PBXTargetDependency */ = {
			isa = PBXTargetDependency;
			target = E8C42FE22CB8552200DC8515 /* EcoLab */;
			targetProxy = E8C42FF42CB8552400DC8515 /* PBXContainerItemProxy */;
		};
		E8C42FFF2CB8552400DC8515 /* PBXTargetDependency */ = {
			isa = PBXTargetDependency;
			target = E8C42FE22CB8552200DC8515 /* EcoLab */;
			targetProxy = E8C42FFE2CB8552400DC8515 /* PBXContainerItemProxy */;
		};
/* End PBXTargetDependency section */

/* Begin XCBuildConfiguration section */
		E8C430052CB8552400DC8515 /* Debug */ = {
			isa = XCBuildConfiguration;
			buildSettings = {
				ALWAYS_SEARCH_USER_PATHS = NO;
				ASSETCATALOG_COMPILER_GENERATE_SWIFT_ASSET_SYMBOL_EXTENSIONS = YES;
				CLANG_ANALYZER_NONNULL = YES;
				CLANG_ANALYZER_NUMBER_OBJECT_CONVERSION = YES_AGGRESSIVE;
				CLANG_CXX_LANGUAGE_STANDARD = "gnu++20";
				CLANG_ENABLE_MODULES = YES;
				CLANG_ENABLE_OBJC_ARC = YES;
				CLANG_ENABLE_OBJC_WEAK = YES;
				CLANG_WARN_BLOCK_CAPTURE_AUTORELEASING = YES;
				CLANG_WARN_BOOL_CONVERSION = YES;
				CLANG_WARN_COMMA = YES;
				CLANG_WARN_CONSTANT_CONVERSION = YES;
				CLANG_WARN_DEPRECATED_OBJC_IMPLEMENTATIONS = YES;
				CLANG_WARN_DIRECT_OBJC_ISA_USAGE = YES_ERROR;
				CLANG_WARN_DOCUMENTATION_COMMENTS = YES;
				CLANG_WARN_EMPTY_BODY = YES;
				CLANG_WARN_ENUM_CONVERSION = YES;
				CLANG_WARN_INFINITE_RECURSION = YES;
				CLANG_WARN_INT_CONVERSION = YES;
				CLANG_WARN_NON_LITERAL_NULL_CONVERSION = YES;
				CLANG_WARN_OBJC_IMPLICIT_RETAIN_SELF = YES;
				CLANG_WARN_OBJC_LITERAL_CONVERSION = YES;
				CLANG_WARN_OBJC_ROOT_CLASS = YES_ERROR;
				CLANG_WARN_QUOTED_INCLUDE_IN_FRAMEWORK_HEADER = YES;
				CLANG_WARN_RANGE_LOOP_ANALYSIS = YES;
				CLANG_WARN_STRICT_PROTOTYPES = YES;
				CLANG_WARN_SUSPICIOUS_MOVE = YES;
				CLANG_WARN_UNGUARDED_AVAILABILITY = YES_AGGRESSIVE;
				CLANG_WARN_UNREACHABLE_CODE = YES;
				CLANG_WARN__DUPLICATE_METHOD_MATCH = YES;
				COPY_PHASE_STRIP = NO;
				DEBUG_INFORMATION_FORMAT = dwarf;
				ENABLE_STRICT_OBJC_MSGSEND = YES;
				ENABLE_TESTABILITY = YES;
				ENABLE_USER_SCRIPT_SANDBOXING = YES;
				GCC_C_LANGUAGE_STANDARD = gnu17;
				GCC_DYNAMIC_NO_PIC = NO;
				GCC_NO_COMMON_BLOCKS = YES;
				GCC_OPTIMIZATION_LEVEL = 0;
				GCC_PREPROCESSOR_DEFINITIONS = (
					"DEBUG=1",
					"$(inherited)",
				);
				GCC_WARN_64_TO_32_BIT_CONVERSION = YES;
				GCC_WARN_ABOUT_RETURN_TYPE = YES_ERROR;
				GCC_WARN_UNDECLARED_SELECTOR = YES;
				GCC_WARN_UNINITIALIZED_AUTOS = YES_AGGRESSIVE;
				GCC_WARN_UNUSED_FUNCTION = YES;
				GCC_WARN_UNUSED_VARIABLE = YES;
				IPHONEOS_DEPLOYMENT_TARGET = 18.0;
				LOCALIZATION_PREFERS_STRING_CATALOGS = YES;
				MTL_ENABLE_DEBUG_INFO = INCLUDE_SOURCE;
				MTL_FAST_MATH = YES;
				ONLY_ACTIVE_ARCH = YES;
				SDKROOT = iphoneos;
				SWIFT_ACTIVE_COMPILATION_CONDITIONS = "DEBUG $(inherited)";
				SWIFT_OPTIMIZATION_LEVEL = "-Onone";
			};
			name = Debug;
		};
		E8C430062CB8552400DC8515 /* Release */ = {
			isa = XCBuildConfiguration;
			buildSettings = {
				ALWAYS_SEARCH_USER_PATHS = NO;
				ASSETCATALOG_COMPILER_GENERATE_SWIFT_ASSET_SYMBOL_EXTENSIONS = YES;
				CLANG_ANALYZER_NONNULL = YES;
				CLANG_ANALYZER_NUMBER_OBJECT_CONVERSION = YES_AGGRESSIVE;
				CLANG_CXX_LANGUAGE_STANDARD = "gnu++20";
				CLANG_ENABLE_MODULES = YES;
				CLANG_ENABLE_OBJC_ARC = YES;
				CLANG_ENABLE_OBJC_WEAK = YES;
				CLANG_WARN_BLOCK_CAPTURE_AUTORELEASING = YES;
				CLANG_WARN_BOOL_CONVERSION = YES;
				CLANG_WARN_COMMA = YES;
				CLANG_WARN_CONSTANT_CONVERSION = YES;
				CLANG_WARN_DEPRECATED_OBJC_IMPLEMENTATIONS = YES;
				CLANG_WARN_DIRECT_OBJC_ISA_USAGE = YES_ERROR;
				CLANG_WARN_DOCUMENTATION_COMMENTS = YES;
				CLANG_WARN_EMPTY_BODY = YES;
				CLANG_WARN_ENUM_CONVERSION = YES;
				CLANG_WARN_INFINITE_RECURSION = YES;
				CLANG_WARN_INT_CONVERSION = YES;
				CLANG_WARN_NON_LITERAL_NULL_CONVERSION = YES;
				CLANG_WARN_OBJC_IMPLICIT_RETAIN_SELF = YES;
				CLANG_WARN_OBJC_LITERAL_CONVERSION = YES;
				CLANG_WARN_OBJC_ROOT_CLASS = YES_ERROR;
				CLANG_WARN_QUOTED_INCLUDE_IN_FRAMEWORK_HEADER = YES;
				CLANG_WARN_RANGE_LOOP_ANALYSIS = YES;
				CLANG_WARN_STRICT_PROTOTYPES = YES;
				CLANG_WARN_SUSPICIOUS_MOVE = YES;
				CLANG_WARN_UNGUARDED_AVAILABILITY = YES_AGGRESSIVE;
				CLANG_WARN_UNREACHABLE_CODE = YES;
				CLANG_WARN__DUPLICATE_METHOD_MATCH = YES;
				COPY_PHASE_STRIP = NO;
				DEBUG_INFORMATION_FORMAT = "dwarf-with-dsym";
				ENABLE_NS_ASSERTIONS = NO;
				ENABLE_STRICT_OBJC_MSGSEND = YES;
				ENABLE_USER_SCRIPT_SANDBOXING = YES;
				GCC_C_LANGUAGE_STANDARD = gnu17;
				GCC_NO_COMMON_BLOCKS = YES;
				GCC_WARN_64_TO_32_BIT_CONVERSION = YES;
				GCC_WARN_ABOUT_RETURN_TYPE = YES_ERROR;
				GCC_WARN_UNDECLARED_SELECTOR = YES;
				GCC_WARN_UNINITIALIZED_AUTOS = YES_AGGRESSIVE;
				GCC_WARN_UNUSED_FUNCTION = YES;
				GCC_WARN_UNUSED_VARIABLE = YES;
				IPHONEOS_DEPLOYMENT_TARGET = 18.0;
				LOCALIZATION_PREFERS_STRING_CATALOGS = YES;
				MTL_ENABLE_DEBUG_INFO = NO;
				MTL_FAST_MATH = YES;
				SDKROOT = iphoneos;
				SWIFT_COMPILATION_MODE = wholemodule;
				VALIDATE_PRODUCT = YES;
			};
			name = Release;
		};
		E8C430082CB8552400DC8515 /* Debug */ = {
			isa = XCBuildConfiguration;
			buildSettings = {
				ASSETCATALOG_COMPILER_APPICON_NAME = AppIcon;
				ASSETCATALOG_COMPILER_GLOBAL_ACCENT_COLOR_NAME = AccentColor;
				ASSETCATALOG_COMPILER_INCLUDE_ALL_APPICON_ASSETS = NO;
				CODE_SIGN_STYLE = Automatic;
				CURRENT_PROJECT_VERSION = 1;
				DEVELOPMENT_ASSET_PATHS = "\"EcoLab/Preview Content\"";
				DEVELOPMENT_TEAM = 3N56WPS22Q;
				ENABLE_PREVIEWS = YES;
				GENERATE_INFOPLIST_FILE = YES;
				INFOPLIST_FILE = EcoLab/Info.plist;
				INFOPLIST_KEY_NSCameraUsageDescription = "Esta aplicación necesita acceder a la cámara para clasificar objetos en tiempo real.";
				INFOPLIST_KEY_UIApplicationSceneManifest_Generation = YES;
				INFOPLIST_KEY_UIApplicationSupportsIndirectInputEvents = YES;
				INFOPLIST_KEY_UILaunchScreen_Generation = YES;
				INFOPLIST_KEY_UILaunchStoryboardName = LaunchView.storyboard;
				INFOPLIST_KEY_UISupportedInterfaceOrientations = "UIInterfaceOrientationLandscapeLeft UIInterfaceOrientationLandscapeRight";
				LD_RUNPATH_SEARCH_PATHS = (
					"$(inherited)",
					"@executable_path/Frameworks",
				);
				MARKETING_VERSION = 1.0;
				PRODUCT_BUNDLE_IDENTIFIER = dev.ioslab.EcoLab;
				PRODUCT_NAME = "$(TARGET_NAME)";
				SWIFT_EMIT_LOC_STRINGS = YES;
				SWIFT_VERSION = 5.0;
				TARGETED_DEVICE_FAMILY = "1,2";
			};
			name = Debug;
		};
		E8C430092CB8552400DC8515 /* Release */ = {
			isa = XCBuildConfiguration;
			buildSettings = {
				ASSETCATALOG_COMPILER_APPICON_NAME = AppIcon;
				ASSETCATALOG_COMPILER_GLOBAL_ACCENT_COLOR_NAME = AccentColor;
				ASSETCATALOG_COMPILER_INCLUDE_ALL_APPICON_ASSETS = NO;
				CODE_SIGN_STYLE = Automatic;
				CURRENT_PROJECT_VERSION = 1;
				DEVELOPMENT_ASSET_PATHS = "\"EcoLab/Preview Content\"";
				DEVELOPMENT_TEAM = 3N56WPS22Q;
				ENABLE_PREVIEWS = YES;
				GENERATE_INFOPLIST_FILE = YES;
				INFOPLIST_FILE = EcoLab/Info.plist;
				INFOPLIST_KEY_NSCameraUsageDescription = "Esta aplicación necesita acceder a la cámara para clasificar objetos en tiempo real.";
				INFOPLIST_KEY_UIApplicationSceneManifest_Generation = YES;
				INFOPLIST_KEY_UIApplicationSupportsIndirectInputEvents = YES;
				INFOPLIST_KEY_UILaunchScreen_Generation = YES;
				INFOPLIST_KEY_UILaunchStoryboardName = LaunchView.storyboard;
				INFOPLIST_KEY_UISupportedInterfaceOrientations = "UIInterfaceOrientationLandscapeLeft UIInterfaceOrientationLandscapeRight";
				LD_RUNPATH_SEARCH_PATHS = (
					"$(inherited)",
					"@executable_path/Frameworks",
				);
				MARKETING_VERSION = 1.0;
				PRODUCT_BUNDLE_IDENTIFIER = dev.ioslab.EcoLab;
				PRODUCT_NAME = "$(TARGET_NAME)";
				SWIFT_EMIT_LOC_STRINGS = YES;
				SWIFT_VERSION = 5.0;
				TARGETED_DEVICE_FAMILY = "1,2";
			};
			name = Release;
		};
		E8C4300B2CB8552400DC8515 /* Debug */ = {
			isa = XCBuildConfiguration;
			buildSettings = {
				BUNDLE_LOADER = "$(TEST_HOST)";
				CODE_SIGN_STYLE = Automatic;
				CURRENT_PROJECT_VERSION = 1;
				DEVELOPMENT_TEAM = 9BY9RQP8PP;
				GENERATE_INFOPLIST_FILE = YES;
				IPHONEOS_DEPLOYMENT_TARGET = 18.0;
				MARKETING_VERSION = 1.0;
				PRODUCT_BUNDLE_IDENTIFIER = dev.ioslab.EcoLabTests;
				PRODUCT_NAME = "$(TARGET_NAME)";
				SWIFT_EMIT_LOC_STRINGS = NO;
				SWIFT_VERSION = 5.0;
				TARGETED_DEVICE_FAMILY = "1,2";
				TEST_HOST = "$(BUILT_PRODUCTS_DIR)/EcoLab.app/$(BUNDLE_EXECUTABLE_FOLDER_PATH)/EcoLab";
			};
			name = Debug;
		};
		E8C4300C2CB8552400DC8515 /* Release */ = {
			isa = XCBuildConfiguration;
			buildSettings = {
				BUNDLE_LOADER = "$(TEST_HOST)";
				CODE_SIGN_STYLE = Automatic;
				CURRENT_PROJECT_VERSION = 1;
				DEVELOPMENT_TEAM = 9BY9RQP8PP;
				GENERATE_INFOPLIST_FILE = YES;
				IPHONEOS_DEPLOYMENT_TARGET = 18.0;
				MARKETING_VERSION = 1.0;
				PRODUCT_BUNDLE_IDENTIFIER = dev.ioslab.EcoLabTests;
				PRODUCT_NAME = "$(TARGET_NAME)";
				SWIFT_EMIT_LOC_STRINGS = NO;
				SWIFT_VERSION = 5.0;
				TARGETED_DEVICE_FAMILY = "1,2";
				TEST_HOST = "$(BUILT_PRODUCTS_DIR)/EcoLab.app/$(BUNDLE_EXECUTABLE_FOLDER_PATH)/EcoLab";
			};
			name = Release;
		};
		E8C4300E2CB8552400DC8515 /* Debug */ = {
			isa = XCBuildConfiguration;
			buildSettings = {
				CODE_SIGN_STYLE = Automatic;
				CURRENT_PROJECT_VERSION = 1;
				DEVELOPMENT_TEAM = 9BY9RQP8PP;
				GENERATE_INFOPLIST_FILE = YES;
				MARKETING_VERSION = 1.0;
				PRODUCT_BUNDLE_IDENTIFIER = dev.ioslab.EcoLabUITests;
				PRODUCT_NAME = "$(TARGET_NAME)";
				SWIFT_EMIT_LOC_STRINGS = NO;
				SWIFT_VERSION = 5.0;
				TARGETED_DEVICE_FAMILY = "1,2";
				TEST_TARGET_NAME = EcoLab;
			};
			name = Debug;
		};
		E8C4300F2CB8552400DC8515 /* Release */ = {
			isa = XCBuildConfiguration;
			buildSettings = {
				CODE_SIGN_STYLE = Automatic;
				CURRENT_PROJECT_VERSION = 1;
				DEVELOPMENT_TEAM = 9BY9RQP8PP;
				GENERATE_INFOPLIST_FILE = YES;
				MARKETING_VERSION = 1.0;
				PRODUCT_BUNDLE_IDENTIFIER = dev.ioslab.EcoLabUITests;
				PRODUCT_NAME = "$(TARGET_NAME)";
				SWIFT_EMIT_LOC_STRINGS = NO;
				SWIFT_VERSION = 5.0;
				TARGETED_DEVICE_FAMILY = "1,2";
				TEST_TARGET_NAME = EcoLab;
			};
			name = Release;
		};
/* End XCBuildConfiguration section */

/* Begin XCConfigurationList section */
		E8C42FDE2CB8552200DC8515 /* Build configuration list for PBXProject "EcoLab" */ = {
			isa = XCConfigurationList;
			buildConfigurations = (
				E8C430052CB8552400DC8515 /* Debug */,
				E8C430062CB8552400DC8515 /* Release */,
			);
			defaultConfigurationIsVisible = 0;
			defaultConfigurationName = Release;
		};
		E8C430072CB8552400DC8515 /* Build configuration list for PBXNativeTarget "EcoLab" */ = {
			isa = XCConfigurationList;
			buildConfigurations = (
				E8C430082CB8552400DC8515 /* Debug */,
				E8C430092CB8552400DC8515 /* Release */,
			);
			defaultConfigurationIsVisible = 0;
			defaultConfigurationName = Release;
		};
		E8C4300A2CB8552400DC8515 /* Build configuration list for PBXNativeTarget "EcoLabTests" */ = {
			isa = XCConfigurationList;
			buildConfigurations = (
				E8C4300B2CB8552400DC8515 /* Debug */,
				E8C4300C2CB8552400DC8515 /* Release */,
			);
			defaultConfigurationIsVisible = 0;
			defaultConfigurationName = Release;
		};
		E8C4300D2CB8552400DC8515 /* Build configuration list for PBXNativeTarget "EcoLabUITests" */ = {
			isa = XCConfigurationList;
			buildConfigurations = (
				E8C4300E2CB8552400DC8515 /* Debug */,
				E8C4300F2CB8552400DC8515 /* Release */,
			);
			defaultConfigurationIsVisible = 0;
			defaultConfigurationName = Release;
		};
/* End XCConfigurationList section */
	};
	rootObject = E8C42FDB2CB8552200DC8515 /* Project object */;
}
